
Microsoft Visual Studio Solution File, Format Version 12.00
# Visual Studio Version 17
VisualStudioVersion = 17.5.2.0
MinimumVisualStudioVersion = 10.0.40219.1
Project("{FAE04EC0-301F-11D3-BF4B-00C04F79EFBC}") = "ClientTracker", "ClientTracker\ClientTracker.csproj", "{03989CC1-0C4D-5334-533B-DB4DA02E9647}"
EndProject
Project("{FAE04EC0-301F-11D3-BF4B-00C04F79EFBC}") = "ClientTracker.Api", "ClientTracker.Api\ClientTracker.Api.csproj", "{4F66CA02-A3C7-4A1B-AFB5-CE191A1A48BC}"
EndProject
Project("{FAE04EC0-301F-11D3-BF4B-00C04F79EFBC}") = "ClientTracker.Migrator", "ClientTracker.Migrator\ClientTracker.Migrator.csproj", "{06E20007-9CD9-48F8-B315-7B7E13866B1D}"
EndProject
Global
	GlobalSection(SolutionConfigurationPlatforms) = preSolution
		Debug|Any CPU = Debug|Any CPU
		Debug|x64 = Debug|x64
		Debug|x86 = Debug|x86
		Release|Any CPU = Release|Any CPU
		Release|x64 = Release|x64
		Release|x86 = Release|x86
	EndGlobalSection
	GlobalSection(ProjectConfigurationPlatforms) = postSolution
		{03989CC1-0C4D-5334-533B-DB4DA02E9647}.Debug|Any CPU.ActiveCfg = Debug|Any CPU
		{03989CC1-0C4D-5334-533B-DB4DA02E9647}.Debug|Any CPU.Build.0 = Debug|Any CPU
		{03989CC1-0C4D-5334-533B-DB4DA02E9647}.Debug|x64.ActiveCfg = Debug|Any CPU
		{03989CC1-0C4D-5334-533B-DB4DA02E9647}.Debug|x64.Build.0 = Debug|Any CPU
		{03989CC1-0C4D-5334-533B-DB4DA02E9647}.Debug|x86.ActiveCfg = Debug|Any CPU
		{03989CC1-0C4D-5334-533B-DB4DA02E9647}.Debug|x86.Build.0 = Debug|Any CPU
		{03989CC1-0C4D-5334-533B-DB4DA02E9647}.Release|Any CPU.ActiveCfg = Release|Any CPU
		{03989CC1-0C4D-5334-533B-DB4DA02E9647}.Release|Any CPU.Build.0 = Release|Any CPU
		{03989CC1-0C4D-5334-533B-DB4DA02E9647}.Release|x64.ActiveCfg = Release|Any CPU
		{03989CC1-0C4D-5334-533B-DB4DA02E9647}.Release|x64.Build.0 = Release|Any CPU
		{03989CC1-0C4D-5334-533B-DB4DA02E9647}.Release|x86.ActiveCfg = Release|Any CPU
		{03989CC1-0C4D-5334-533B-DB4DA02E9647}.Release|x86.Build.0 = Release|Any CPU
		{4F66CA02-A3C7-4A1B-AFB5-CE191A1A48BC}.Debug|Any CPU.ActiveCfg = Debug|Any CPU
		{4F66CA02-A3C7-4A1B-AFB5-CE191A1A48BC}.Debug|Any CPU.Build.0 = Debug|Any CPU
		{4F66CA02-A3C7-4A1B-AFB5-CE191A1A48BC}.Debug|x64.ActiveCfg = Debug|Any CPU
		{4F66CA02-A3C7-4A1B-AFB5-CE191A1A48BC}.Debug|x64.Build.0 = Debug|Any CPU
		{4F66CA02-A3C7-4A1B-AFB5-CE191A1A48BC}.Debug|x86.ActiveCfg = Debug|Any CPU
		{4F66CA02-A3C7-4A1B-AFB5-CE191A1A48BC}.Debug|x86.Build.0 = Debug|Any CPU
		{4F66CA02-A3C7-4A1B-AFB5-CE191A1A48BC}.Release|Any CPU.ActiveCfg = Release|Any CPU
		{4F66CA02-A3C7-4A1B-AFB5-CE191A1A48BC}.Release|Any CPU.Build.0 = Release|Any CPU
		{4F66CA02-A3C7-4A1B-AFB5-CE191A1A48BC}.Release|x64.ActiveCfg = Release|Any CPU
		{4F66CA02-A3C7-4A1B-AFB5-CE191A1A48BC}.Release|x64.Build.0 = Release|Any CPU
		{4F66CA02-A3C7-4A1B-AFB5-CE191A1A48BC}.Release|x86.ActiveCfg = Release|Any CPU
		{4F66CA02-A3C7-4A1B-AFB5-CE191A1A48BC}.Release|x86.Build.0 = Release|Any CPU
		{06E20007-9CD9-48F8-B315-7B7E13866B1D}.Debug|Any CPU.ActiveCfg = Debug|Any CPU
		{06E20007-9CD9-48F8-B315-7B7E13866B1D}.Debug|Any CPU.Build.0 = Debug|Any CPU
		{06E20007-9CD9-48F8-B315-7B7E13866B1D}.Debug|x64.ActiveCfg = Debug|Any CPU
		{06E20007-9CD9-48F8-B315-7B7E13866B1D}.Debug|x64.Build.0 = Debug|Any CPU
		{06E20007-9CD9-48F8-B315-7B7E13866B1D}.Debug|x86.ActiveCfg = Debug|Any CPU
		{06E20007-9CD9-48F8-B315-7B7E13866B1D}.Debug|x86.Build.0 = Debug|Any CPU
		{06E20007-9CD9-48F8-B315-7B7E13866B1D}.Release|Any CPU.ActiveCfg = Release|Any CPU
		{06E20007-9CD9-48F8-B315-7B7E13866B1D}.Release|Any CPU.Build.0 = Release|Any CPU
		{06E20007-9CD9-48F8-B315-7B7E13866B1D}.Release|x64.ActiveCfg = Release|Any CPU
		{06E20007-9CD9-48F8-B315-7B7E13866B1D}.Release|x64.Build.0 = Release|Any CPU
		{06E20007-9CD9-48F8-B315-7B7E13866B1D}.Release|x86.ActiveCfg = Release|Any CPU
		{06E20007-9CD9-48F8-B315-7B7E13866B1D}.Release|x86.Build.0 = Release|Any CPU
	EndGlobalSection
	GlobalSection(SolutionProperties) = preSolution
		HideSolutionNode = FALSE
	EndGlobalSection
	GlobalSection(ExtensibilityGlobals) = postSolution
		SolutionGuid = {5A02E853-B6C2-4619-AFD8-F1B27D31096F}
	EndGlobalSection
EndGlobal
